// !$*UTF8*$!
{
	archiveVersion = 1;
	classes = {
	};
	objectVersion = 77;
	objects = {

/* Begin PBXBuildFile section */
		0406D0862DB8F67600A0DD50 /* OneSignalExtension in Frameworks */ = {isa = PBXBuildFile; productRef = 0406D0852DB8F67600A0DD50 /* OneSignalExtension */; };
		0406D0882DB8F67600A0DD50 /* OneSignalFramework in Frameworks */ = {isa = PBXBuildFile; productRef = 0406D0872DB8F67600A0DD50 /* OneSignalFramework */; };
		0406D08A2DB8F67600A0DD50 /* OneSignalInAppMessages in Frameworks */ = {isa = PBXBuildFile; productRef = 0406D0892DB8F67600A0DD50 /* OneSignalInAppMessages */; };
		041BEF232D3D803600DFBB26 /* AuraFlowWatch Watch App.app in Embed Watch Content */ = {isa = PBXBuildFile; fileRef = 041BEF162D3D803500DFBB26 /* AuraFlowWatch Watch App.app */; settings = {ATTRIBUTES = (RemoveHeadersOnCopy, ); }; };
		0436F45A2DB8F39900EDEE17 /* OneSignalNotificationServiceExtension.appex in Embed Foundation Extensions */ = {isa = PBXBuildFile; fileRef = 0436F4532DB8F39900EDEE17 /* OneSignalNotificationServiceExtension.appex */; settings = {ATTRIBUTES = (RemoveHeadersOnCopy, ); }; };
		0444E4812D1D75D000FAF9D1 /* FLEX in Frameworks */ = {isa = PBXBuildFile; productRef = 0444E4802D1D75D000FAF9D1 /* FLEX */; };
/* End PBXBuildFile section */

/* Begin PBXContainerItemProxy section */
		041BEF212D3D803600DFBB26 /* PBXContainerItemProxy */ = {
			isa = PBXContainerItemProxy;
			containerPortal = 0444E1872D1D709A00FAF9D1 /* Project object */;
			proxyType = 1;
			remoteGlobalIDString = 041BEF152D3D803500DFBB26;
			remoteInfo = "AuraFlowWatch Watch App";
		};
		0436F4582DB8F39900EDEE17 /* PBXContainerItemProxy */ = {
			isa = PBXContainerItemProxy;
			containerPortal = 0444E1872D1D709A00FAF9D1 /* Project object */;
			proxyType = 1;
			remoteGlobalIDString = 0436F4522DB8F39900EDEE17;
			remoteInfo = OneSignalNotificationServiceExtension;
		};
		0476780C2DBB84FF00BA307D /* PBXContainerItemProxy */ = {
			isa = PBXContainerItemProxy;
			containerPortal = 0444E1872D1D709A00FAF9D1 /* Project object */;
			proxyType = 1;
			remoteGlobalIDString = 0444E18E2D1D709A00FAF9D1;
			remoteInfo = AuraFlow;
		};
/* End PBXContainerItemProxy section */

/* Begin PBXCopyFilesBuildPhase section */
		0436F45F2DB8F39900EDEE17 /* Embed Foundation Extensions */ = {
			isa = PBXCopyFilesBuildPhase;
			buildActionMask = 2147483647;
			dstPath = "";
			dstSubfolderSpec = 13;
			files = (
				0436F45A2DB8F39900EDEE17 /* OneSignalNotificationServiceExtension.appex in Embed Foundation Extensions */,
			);
			name = "Embed Foundation Extensions";
			runOnlyForDeploymentPostprocessing = 0;
		};
		044D06932D3D06CA00BEE600 /* Embed Watch Content */ = {
			isa = PBXCopyFilesBuildPhase;
			buildActionMask = 2147483647;
			dstPath = "$(CONTENTS_FOLDER_PATH)/Watch";
			dstSubfolderSpec = 16;
			files = (
				041BEF232D3D803600DFBB26 /* AuraFlowWatch Watch App.app in Embed Watch Content */,
			);
			name = "Embed Watch Content";
			runOnlyForDeploymentPostprocessing = 0;
		};
		046E7E7E2D953B8C0060CFB5 /* Embed Frameworks */ = {
			isa = PBXCopyFilesBuildPhase;
			buildActionMask = 2147483647;
			dstPath = "";
			dstSubfolderSpec = 10;
			files = (
			);
			name = "Embed Frameworks";
			runOnlyForDeploymentPostprocessing = 0;
		};
/* End PBXCopyFilesBuildPhase section */

/* Begin PBXFileReference section */
		041BEF162D3D803500DFBB26 /* AuraFlowWatch Watch App.app */ = {isa = PBXFileReference; explicitFileType = wrapper.application; includeInIndex = 0; path = "AuraFlowWatch Watch App.app"; sourceTree = BUILT_PRODUCTS_DIR; };
		0436F4532DB8F39900EDEE17 /* OneSignalNotificationServiceExtension.appex */ = {isa = PBXFileReference; explicitFileType = "wrapper.app-extension"; includeInIndex = 0; path = OneSignalNotificationServiceExtension.appex; sourceTree = BUILT_PRODUCTS_DIR; };
		0444E18F2D1D709A00FAF9D1 /* AuraFlow.app */ = {isa = PBXFileReference; explicitFileType = wrapper.application; includeInIndex = 0; path = AuraFlow.app; sourceTree = BUILT_PRODUCTS_DIR; };
		047678082DBB84FF00BA307D /* AuraFlowTests.xctest */ = {isa = PBXFileReference; explicitFileType = wrapper.cfbundle; includeInIndex = 0; path = AuraFlowTests.xctest; sourceTree = BUILT_PRODUCTS_DIR; };
		047678112DBB850C00BA307D /* AuraFlow.xctestplan */ = {isa = PBXFileReference; lastKnownFileType = text; path = AuraFlow.xctestplan; sourceTree = "<group>"; };
/* End PBXFileReference section */

/* Begin PBXFileSystemSynchronizedBuildFileExceptionSet section */
		0436F45E2DB8F39900EDEE17 /* Exceptions for "OneSignalNotificationServiceExtension" folder in "OneSignalNotificationServiceExtension" target */ = {
			isa = PBXFileSystemSynchronizedBuildFileExceptionSet;
			membershipExceptions = (
				Info.plist,
			);
			target = 0436F4522DB8F39900EDEE17 /* OneSignalNotificationServiceExtension */;
		};
		04671A082D3AA3E500432D7B /* Exceptions for "AuraFlow" folder in "AuraFlow" target */ = {
			isa = PBXFileSystemSynchronizedBuildFileExceptionSet;
			membershipExceptions = (
				Info.plist,
			);
			target = 0444E18E2D1D709A00FAF9D1 /* AuraFlow */;
		};
/* End PBXFileSystemSynchronizedBuildFileExceptionSet section */

/* Begin PBXFileSystemSynchronizedRootGroup section */
		041BEF172D3D803500DFBB26 /* AuraFlowWatch Watch App */ = {
			isa = PBXFileSystemSynchronizedRootGroup;
			path = "AuraFlowWatch Watch App";
			sourceTree = "<group>";
		};
		0436F4542DB8F39900EDEE17 /* OneSignalNotificationServiceExtension */ = {
			isa = PBXFileSystemSynchronizedRootGroup;
			exceptions = (
				0436F45E2DB8F39900EDEE17 /* Exceptions for "OneSignalNotificationServiceExtension" folder in "OneSignalNotificationServiceExtension" target */,
			);
			path = OneSignalNotificationServiceExtension;
			sourceTree = "<group>";
		};
		0444E1912D1D709A00FAF9D1 /* AuraFlow */ = {
			isa = PBXFileSystemSynchronizedRootGroup;
			exceptions = (
				04671A082D3AA3E500432D7B /* Exceptions for "AuraFlow" folder in "AuraFlow" target */,
			);
			path = AuraFlow;
			sourceTree = "<group>";
		};
		047678092DBB84FF00BA307D /* AuraFlowTests */ = {
			isa = PBXFileSystemSynchronizedRootGroup;
			path = AuraFlowTests;
			sourceTree = "<group>";
		};
/* End PBXFileSystemSynchronizedRootGroup section */

/* Begin PBXFrameworksBuildPhase section */
		041BEF132D3D803500DFBB26 /* Frameworks */ = {
			isa = PBXFrameworksBuildPhase;
			buildActionMask = 2147483647;
			files = (
			);
			runOnlyForDeploymentPostprocessing = 0;
		};
		0436F4502DB8F39900EDEE17 /* Frameworks */ = {
			isa = PBXFrameworksBuildPhase;
			buildActionMask = 2147483647;
			files = (
				0406D0862DB8F67600A0DD50 /* OneSignalExtension in Frameworks */,
			);
			runOnlyForDeploymentPostprocessing = 0;
		};
		0444E18C2D1D709A00FAF9D1 /* Frameworks */ = {
			isa = PBXFrameworksBuildPhase;
			buildActionMask = 2147483647;
			files = (
				0406D08A2DB8F67600A0DD50 /* OneSignalInAppMessages in Frameworks */,
				0406D0882DB8F67600A0DD50 /* OneSignalFramework in Frameworks */,
				0444E4812D1D75D000FAF9D1 /* FLEX in Frameworks */,
			);
			runOnlyForDeploymentPostprocessing = 0;
		};
		047678052DBB84FF00BA307D /* Frameworks */ = {
			isa = PBXFrameworksBuildPhase;
			buildActionMask = 2147483647;
			files = (
			);
			runOnlyForDeploymentPostprocessing = 0;
		};
/* End PBXFrameworksBuildPhase section */

/* Begin PBXGroup section */
		0444E1862D1D709A00FAF9D1 = {
			isa = PBXGroup;
			children = (
				047678112DBB850C00BA307D /* AuraFlow.xctestplan */,
				0444E1912D1D709A00FAF9D1 /* AuraFlow */,
				041BEF172D3D803500DFBB26 /* AuraFlowWatch Watch App */,
				0436F4542DB8F39900EDEE17 /* OneSignalNotificationServiceExtension */,
				047678092DBB84FF00BA307D /* AuraFlowTests */,
				046E7E7A2D953B8C0060CFB5 /* Frameworks */,
				0444E1902D1D709A00FAF9D1 /* Products */,
			);
			sourceTree = "<group>";
		};
		0444E1902D1D709A00FAF9D1 /* Products */ = {
			isa = PBXGroup;
			children = (
				0444E18F2D1D709A00FAF9D1 /* AuraFlow.app */,
				041BEF162D3D803500DFBB26 /* AuraFlowWatch Watch App.app */,
				0436F4532DB8F39900EDEE17 /* OneSignalNotificationServiceExtension.appex */,
				047678082DBB84FF00BA307D /* AuraFlowTests.xctest */,
			);
			name = Products;
			sourceTree = "<group>";
		};
		046E7E7A2D953B8C0060CFB5 /* Frameworks */ = {
			isa = PBXGroup;
			children = (
			);
			name = Frameworks;
			sourceTree = "<group>";
		};
/* End PBXGroup section */

/* Begin PBXNativeTarget section */
		041BEF152D3D803500DFBB26 /* AuraFlowWatch Watch App */ = {
			isa = PBXNativeTarget;
			buildConfigurationList = 041BEF242D3D803600DFBB26 /* Build configuration list for PBXNativeTarget "AuraFlowWatch Watch App" */;
			buildPhases = (
				041BEF122D3D803500DFBB26 /* Sources */,
				041BEF132D3D803500DFBB26 /* Frameworks */,
				041BEF142D3D803500DFBB26 /* Resources */,
			);
			buildRules = (
			);
			dependencies = (
			);
			fileSystemSynchronizedGroups = (
				041BEF172D3D803500DFBB26 /* AuraFlowWatch Watch App */,
			);
			name = "AuraFlowWatch Watch App";
			packageProductDependencies = (
			);
			productName = "AuraFlowWatch Watch App";
			productReference = 041BEF162D3D803500DFBB26 /* AuraFlowWatch Watch App.app */;
			productType = "com.apple.product-type.application";
		};
		0436F4522DB8F39900EDEE17 /* OneSignalNotificationServiceExtension */ = {
			isa = PBXNativeTarget;
			buildConfigurationList = 0436F45B2DB8F39900EDEE17 /* Build configuration list for PBXNativeTarget "OneSignalNotificationServiceExtension" */;
			buildPhases = (
				0436F44F2DB8F39900EDEE17 /* Sources */,
				0436F4502DB8F39900EDEE17 /* Frameworks */,
				0436F4512DB8F39900EDEE17 /* Resources */,
			);
			buildRules = (
			);
			dependencies = (
			);
			fileSystemSynchronizedGroups = (
				0436F4542DB8F39900EDEE17 /* OneSignalNotificationServiceExtension */,
			);
			name = OneSignalNotificationServiceExtension;
			packageProductDependencies = (
				0406D0852DB8F67600A0DD50 /* OneSignalExtension */,
			);
			productName = OneSignalNotificationServiceExtension;
			productReference = 0436F4532DB8F39900EDEE17 /* OneSignalNotificationServiceExtension.appex */;
			productType = "com.apple.product-type.app-extension";
		};
		0444E18E2D1D709A00FAF9D1 /* AuraFlow */ = {
			isa = PBXNativeTarget;
			buildConfigurationList = 0444E1A32D1D709B00FAF9D1 /* Build configuration list for PBXNativeTarget "AuraFlow" */;
			buildPhases = (
				0444E18B2D1D709A00FAF9D1 /* Sources */,
				0444E18C2D1D709A00FAF9D1 /* Frameworks */,
				0444E18D2D1D709A00FAF9D1 /* Resources */,
				044D06932D3D06CA00BEE600 /* Embed Watch Content */,
				046E7E7E2D953B8C0060CFB5 /* Embed Frameworks */,
				0436F45F2DB8F39900EDEE17 /* Embed Foundation Extensions */,
			);
			buildRules = (
			);
			dependencies = (
				041BEF222D3D803600DFBB26 /* PBXTargetDependency */,
				0436F4592DB8F39900EDEE17 /* PBXTargetDependency */,
			);
			fileSystemSynchronizedGroups = (
				0444E1912D1D709A00FAF9D1 /* AuraFlow */,
			);
			name = AuraFlow;
			packageProductDependencies = (
				0444E4802D1D75D000FAF9D1 /* FLEX */,
				0406D0872DB8F67600A0DD50 /* OneSignalFramework */,
				0406D0892DB8F67600A0DD50 /* OneSignalInAppMessages */,
			);
			productName = AuraFlow;
			productReference = 0444E18F2D1D709A00FAF9D1 /* AuraFlow.app */;
			productType = "com.apple.product-type.application";
		};
		047678072DBB84FF00BA307D /* AuraFlowTests */ = {
			isa = PBXNativeTarget;
			buildConfigurationList = 0476780E2DBB84FF00BA307D /* Build configuration list for PBXNativeTarget "AuraFlowTests" */;
			buildPhases = (
				047678042DBB84FF00BA307D /* Sources */,
				047678052DBB84FF00BA307D /* Frameworks */,
				047678062DBB84FF00BA307D /* Resources */,
			);
			buildRules = (
			);
			dependencies = (
				0476780D2DBB84FF00BA307D /* PBXTargetDependency */,
			);
			fileSystemSynchronizedGroups = (
				047678092DBB84FF00BA307D /* AuraFlowTests */,
			);
			name = AuraFlowTests;
			packageProductDependencies = (
			);
			productName = AuraFlowTests;
			productReference = 047678082DBB84FF00BA307D /* AuraFlowTests.xctest */;
			productType = "com.apple.product-type.bundle.unit-test";
		};
/* End PBXNativeTarget section */

/* Begin PBXProject section */
		0444E1872D1D709A00FAF9D1 /* Project object */ = {
			isa = PBXProject;
			attributes = {
				BuildIndependentTargetsInParallel = 1;
				LastSwiftUpdateCheck = 1630;
				LastUpgradeCheck = 1620;
				TargetAttributes = {
					041BEF152D3D803500DFBB26 = {
						CreatedOnToolsVersion = 16.2;
					};
					0436F4522DB8F39900EDEE17 = {
						CreatedOnToolsVersion = 16.3;
					};
					0444E18E2D1D709A00FAF9D1 = {
						CreatedOnToolsVersion = 16.2;
					};
					047678072DBB84FF00BA307D = {
						CreatedOnToolsVersion = 16.3;
						TestTargetID = 0444E18E2D1D709A00FAF9D1;
					};
				};
			};
			buildConfigurationList = 0444E18A2D1D709A00FAF9D1 /* Build configuration list for PBXProject "AuraFlow" */;
			developmentRegion = en;
			hasScannedForEncodings = 0;
			knownRegions = (
				en,
				Base,
			);
			mainGroup = 0444E1862D1D709A00FAF9D1;
			minimizedProjectReferenceProxies = 1;
			packageReferences = (
				0444E47F2D1D75D000FAF9D1 /* XCRemoteSwiftPackageReference "FLEX" */,
				0406D0842DB8F67600A0DD50 /* XCRemoteSwiftPackageReference "OneSignal-iOS-SDK" */,
			);
			preferredProjectObjectVersion = 77;
			productRefGroup = 0444E1902D1D709A00FAF9D1 /* Products */;
			projectDirPath = "";
			projectRoot = "";
			targets = (
				0444E18E2D1D709A00FAF9D1 /* AuraFlow */,
				041BEF152D3D803500DFBB26 /* AuraFlowWatch Watch App */,
				0436F4522DB8F39900EDEE17 /* OneSignalNotificationServiceExtension */,
				047678072DBB84FF00BA307D /* AuraFlowTests */,
			);
		};
/* End PBXProject section */

/* Begin PBXResourcesBuildPhase section */
		041BEF142D3D803500DFBB26 /* Resources */ = {
			isa = PBXResourcesBuildPhase;
			buildActionMask = 2147483647;
			files = (
			);
			runOnlyForDeploymentPostprocessing = 0;
		};
		0436F4512DB8F39900EDEE17 /* Resources */ = {
			isa = PBXResourcesBuildPhase;
			buildActionMask = 2147483647;
			files = (
			);
			runOnlyForDeploymentPostprocessing = 0;
		};
		0444E18D2D1D709A00FAF9D1 /* Resources */ = {
			isa = PBXResourcesBuildPhase;
			buildActionMask = 2147483647;
			files = (
			);
			runOnlyForDeploymentPostprocessing = 0;
		};
		047678062DBB84FF00BA307D /* Resources */ = {
			isa = PBXResourcesBuildPhase;
			buildActionMask = 2147483647;
			files = (
			);
			runOnlyForDeploymentPostprocessing = 0;
		};
/* End PBXResourcesBuildPhase section */

/* Begin PBXSourcesBuildPhase section */
		041BEF122D3D803500DFBB26 /* Sources */ = {
			isa = PBXSourcesBuildPhase;
			buildActionMask = 2147483647;
			files = (
			);
			runOnlyForDeploymentPostprocessing = 0;
		};
		0436F44F2DB8F39900EDEE17 /* Sources */ = {
			isa = PBXSourcesBuildPhase;
			buildActionMask = 2147483647;
			files = (
			);
			runOnlyForDeploymentPostprocessing = 0;
		};
		0444E18B2D1D709A00FAF9D1 /* Sources */ = {
			isa = PBXSourcesBuildPhase;
			buildActionMask = 2147483647;
			files = (
			);
			runOnlyForDeploymentPostprocessing = 0;
		};
		047678042DBB84FF00BA307D /* Sources */ = {
			isa = PBXSourcesBuildPhase;
			buildActionMask = 2147483647;
			files = (
			);
			runOnlyForDeploymentPostprocessing = 0;
		};
/* End PBXSourcesBuildPhase section */

/* Begin PBXTargetDependency section */
		041BEF222D3D803600DFBB26 /* PBXTargetDependency */ = {
			isa = PBXTargetDependency;
			target = 041BEF152D3D803500DFBB26 /* AuraFlowWatch Watch App */;
			targetProxy = 041BEF212D3D803600DFBB26 /* PBXContainerItemProxy */;
		};
		0436F4592DB8F39900EDEE17 /* PBXTargetDependency */ = {
			isa = PBXTargetDependency;
			target = 0436F4522DB8F39900EDEE17 /* OneSignalNotificationServiceExtension */;
			targetProxy = 0436F4582DB8F39900EDEE17 /* PBXContainerItemProxy */;
		};
		0476780D2DBB84FF00BA307D /* PBXTargetDependency */ = {
			isa = PBXTargetDependency;
			target = 0444E18E2D1D709A00FAF9D1 /* AuraFlow */;
			targetProxy = 0476780C2DBB84FF00BA307D /* PBXContainerItemProxy */;
		};
/* End PBXTargetDependency section */

/* Begin XCBuildConfiguration section */
		041BEF252D3D803600DFBB26 /* Debug */ = {
			isa = XCBuildConfiguration;
			buildSettings = {
				ASSETCATALOG_COMPILER_APPICON_NAME = AppIcon;
				ASSETCATALOG_COMPILER_GLOBAL_ACCENT_COLOR_NAME = AccentColor;
				CODE_SIGN_ENTITLEMENTS = "AuraFlowWatch Watch App/AuraFlowWatch Watch App.entitlements";
				CODE_SIGN_STYLE = Automatic;
				CURRENT_PROJECT_VERSION = 1;
				DEVELOPMENT_ASSET_PATHS = "\"AuraFlowWatch Watch App/Preview Content\"";
				DEVELOPMENT_TEAM = 42UB5T24AY;
				ENABLE_PREVIEWS = YES;
				GENERATE_INFOPLIST_FILE = YES;
				INFOPLIST_KEY_CFBundleDisplayName = AuraFlowWatch;
				INFOPLIST_KEY_UISupportedInterfaceOrientations = "UIInterfaceOrientationPortrait UIInterfaceOrientationPortraitUpsideDown";
				INFOPLIST_KEY_WKCompanionAppBundleIdentifier = ilkaIlka.AuraFlow;
				LD_RUNPATH_SEARCH_PATHS = (
					"$(inherited)",
					"@executable_path/Frameworks",
				);
				MARKETING_VERSION = 1.0;
				PRODUCT_BUNDLE_IDENTIFIER = ilkaIlka.AuraFlow.watchkitapp;
				PRODUCT_NAME = "$(TARGET_NAME)";
				SDKROOT = watchos;
				SKIP_INSTALL = YES;
				SWIFT_EMIT_LOC_STRINGS = YES;
				SWIFT_VERSION = 5.0;
				TARGETED_DEVICE_FAMILY = 4;
				WATCHOS_DEPLOYMENT_TARGET = 11.0;
			};
			name = Debug;
		};
		041BEF262D3D803600DFBB26 /* Release */ = {
			isa = XCBuildConfiguration;
			buildSettings = {
				ASSETCATALOG_COMPILER_APPICON_NAME = AppIcon;
				ASSETCATALOG_COMPILER_GLOBAL_ACCENT_COLOR_NAME = AccentColor;
				CODE_SIGN_ENTITLEMENTS = "AuraFlowWatch Watch App/AuraFlowWatch Watch App.entitlements";
				CODE_SIGN_STYLE = Automatic;
				CURRENT_PROJECT_VERSION = 1;
				DEVELOPMENT_ASSET_PATHS = "\"AuraFlowWatch Watch App/Preview Content\"";
				DEVELOPMENT_TEAM = 42UB5T24AY;
				ENABLE_PREVIEWS = YES;
				GENERATE_INFOPLIST_FILE = YES;
				INFOPLIST_KEY_CFBundleDisplayName = AuraFlowWatch;
				INFOPLIST_KEY_UISupportedInterfaceOrientations = "UIInterfaceOrientationPortrait UIInterfaceOrientationPortraitUpsideDown";
				INFOPLIST_KEY_WKCompanionAppBundleIdentifier = ilkaIlka.AuraFlow;
				LD_RUNPATH_SEARCH_PATHS = (
					"$(inherited)",
					"@executable_path/Frameworks",
				);
				MARKETING_VERSION = 1.0;
				PRODUCT_BUNDLE_IDENTIFIER = ilkaIlka.AuraFlow.watchkitapp;
				PRODUCT_NAME = "$(TARGET_NAME)";
				SDKROOT = watchos;
				SKIP_INSTALL = YES;
				SWIFT_EMIT_LOC_STRINGS = YES;
				SWIFT_VERSION = 5.0;
				TARGETED_DEVICE_FAMILY = 4;
				VALIDATE_PRODUCT = YES;
				WATCHOS_DEPLOYMENT_TARGET = 11.0;
			};
			name = Release;
		};
		0436F45C2DB8F39900EDEE17 /* Debug */ = {
			isa = XCBuildConfiguration;
			buildSettings = {
				CODE_SIGN_ENTITLEMENTS = OneSignalNotificationServiceExtension/OneSignalNotificationServiceExtension.entitlements;
				CODE_SIGN_STYLE = Automatic;
				CURRENT_PROJECT_VERSION = 1;
				DEVELOPMENT_TEAM = 42UB5T24AY;
				GENERATE_INFOPLIST_FILE = YES;
				INFOPLIST_FILE = OneSignalNotificationServiceExtension/Info.plist;
				INFOPLIST_KEY_CFBundleDisplayName = OneSignalNotificationServiceExtension;
				INFOPLIST_KEY_NSHumanReadableCopyright = "";
				IPHONEOS_DEPLOYMENT_TARGET = 18.0;
				LD_RUNPATH_SEARCH_PATHS = (
					"$(inherited)",
					"@executable_path/Frameworks",
					"@executable_path/../../Frameworks",
				);
				MARKETING_VERSION = 1.0;
				PRODUCT_BUNDLE_IDENTIFIER = ilkaIlka.AuraFlow.OneSignalNotificationServiceExtension;
				PRODUCT_NAME = "$(TARGET_NAME)";
				SDKROOT = iphoneos;
				SKIP_INSTALL = YES;
				SWIFT_EMIT_LOC_STRINGS = YES;
				SWIFT_VERSION = 5.0;
				TARGETED_DEVICE_FAMILY = "1,2";
			};
			name = Debug;
		};
		0436F45D2DB8F39900EDEE17 /* Release */ = {
			isa = XCBuildConfiguration;
			buildSettings = {
				CODE_SIGN_ENTITLEMENTS = OneSignalNotificationServiceExtension/OneSignalNotificationServiceExtension.entitlements;
				CODE_SIGN_STYLE = Automatic;
				CURRENT_PROJECT_VERSION = 1;
				DEVELOPMENT_TEAM = 42UB5T24AY;
				GENERATE_INFOPLIST_FILE = YES;
				INFOPLIST_FILE = OneSignalNotificationServiceExtension/Info.plist;
				INFOPLIST_KEY_CFBundleDisplayName = OneSignalNotificationServiceExtension;
				INFOPLIST_KEY_NSHumanReadableCopyright = "";
				IPHONEOS_DEPLOYMENT_TARGET = 18.0;
				LD_RUNPATH_SEARCH_PATHS = (
					"$(inherited)",
					"@executable_path/Frameworks",
					"@executable_path/../../Frameworks",
				);
				MARKETING_VERSION = 1.0;
				PRODUCT_BUNDLE_IDENTIFIER = ilkaIlka.AuraFlow.OneSignalNotificationServiceExtension;
				PRODUCT_NAME = "$(TARGET_NAME)";
				SDKROOT = iphoneos;
				SKIP_INSTALL = YES;
				SWIFT_EMIT_LOC_STRINGS = YES;
				SWIFT_VERSION = 5.0;
				TARGETED_DEVICE_FAMILY = "1,2";
				VALIDATE_PRODUCT = YES;
			};
			name = Release;
		};
		0444E1A12D1D709B00FAF9D1 /* Debug */ = {
			isa = XCBuildConfiguration;
			buildSettings = {
				ALWAYS_SEARCH_USER_PATHS = NO;
				ASSETCATALOG_COMPILER_GENERATE_SWIFT_ASSET_SYMBOL_EXTENSIONS = YES;
				CLANG_ANALYZER_NONNULL = YES;
				CLANG_ANALYZER_NUMBER_OBJECT_CONVERSION = YES_AGGRESSIVE;
				CLANG_CXX_LANGUAGE_STANDARD = "gnu++20";
				CLANG_ENABLE_MODULES = YES;
				CLANG_ENABLE_OBJC_ARC = YES;
				CLANG_ENABLE_OBJC_WEAK = YES;
				CLANG_WARN_BLOCK_CAPTURE_AUTORELEASING = YES;
				CLANG_WARN_BOOL_CONVERSION = YES;
				CLANG_WARN_COMMA = YES;
				CLANG_WARN_CONSTANT_CONVERSION = YES;
				CLANG_WARN_DEPRECATED_OBJC_IMPLEMENTATIONS = YES;
				CLANG_WARN_DIRECT_OBJC_ISA_USAGE = YES_ERROR;
				CLANG_WARN_DOCUMENTATION_COMMENTS = YES;
				CLANG_WARN_EMPTY_BODY = YES;
				CLANG_WARN_ENUM_CONVERSION = YES;
				CLANG_WARN_INFINITE_RECURSION = YES;
				CLANG_WARN_INT_CONVERSION = YES;
				CLANG_WARN_NON_LITERAL_NULL_CONVERSION = YES;
				CLANG_WARN_OBJC_IMPLICIT_RETAIN_SELF = YES;
				CLANG_WARN_OBJC_LITERAL_CONVERSION = YES;
				CLANG_WARN_OBJC_ROOT_CLASS = YES_ERROR;
				CLANG_WARN_QUOTED_INCLUDE_IN_FRAMEWORK_HEADER = YES;
				CLANG_WARN_RANGE_LOOP_ANALYSIS = YES;
				CLANG_WARN_STRICT_PROTOTYPES = YES;
				CLANG_WARN_SUSPICIOUS_MOVE = YES;
				CLANG_WARN_UNGUARDED_AVAILABILITY = YES_AGGRESSIVE;
				CLANG_WARN_UNREACHABLE_CODE = YES;
				CLANG_WARN__DUPLICATE_METHOD_MATCH = YES;
				COPY_PHASE_STRIP = NO;
				DEBUG_INFORMATION_FORMAT = dwarf;
				ENABLE_STRICT_OBJC_MSGSEND = YES;
				ENABLE_TESTABILITY = YES;
				ENABLE_USER_SCRIPT_SANDBOXING = YES;
				GCC_C_LANGUAGE_STANDARD = gnu17;
				GCC_DYNAMIC_NO_PIC = NO;
				GCC_NO_COMMON_BLOCKS = YES;
				GCC_OPTIMIZATION_LEVEL = 0;
				GCC_PREPROCESSOR_DEFINITIONS = (
					"DEBUG=1",
					"$(inherited)",
				);
				GCC_WARN_64_TO_32_BIT_CONVERSION = YES;
				GCC_WARN_ABOUT_RETURN_TYPE = YES_ERROR;
				GCC_WARN_UNDECLARED_SELECTOR = YES;
				GCC_WARN_UNINITIALIZED_AUTOS = YES_AGGRESSIVE;
				GCC_WARN_UNUSED_FUNCTION = YES;
				GCC_WARN_UNUSED_VARIABLE = YES;
				LOCALIZATION_PREFERS_STRING_CATALOGS = YES;
				MTL_ENABLE_DEBUG_INFO = INCLUDE_SOURCE;
				MTL_FAST_MATH = YES;
				ONLY_ACTIVE_ARCH = YES;
				SWIFT_ACTIVE_COMPILATION_CONDITIONS = "DEBUG $(inherited)";
				SWIFT_OPTIMIZATION_LEVEL = "-Onone";
			};
			name = Debug;
		};
		0444E1A22D1D709B00FAF9D1 /* Release */ = {
			isa = XCBuildConfiguration;
			buildSettings = {
				ALWAYS_SEARCH_USER_PATHS = NO;
				ASSETCATALOG_COMPILER_GENERATE_SWIFT_ASSET_SYMBOL_EXTENSIONS = YES;
				CLANG_ANALYZER_NONNULL = YES;
				CLANG_ANALYZER_NUMBER_OBJECT_CONVERSION = YES_AGGRESSIVE;
				CLANG_CXX_LANGUAGE_STANDARD = "gnu++20";
				CLANG_ENABLE_MODULES = YES;
				CLANG_ENABLE_OBJC_ARC = YES;
				CLANG_ENABLE_OBJC_WEAK = YES;
				CLANG_WARN_BLOCK_CAPTURE_AUTORELEASING = YES;
				CLANG_WARN_BOOL_CONVERSION = YES;
				CLANG_WARN_COMMA = YES;
				CLANG_WARN_CONSTANT_CONVERSION = YES;
				CLANG_WARN_DEPRECATED_OBJC_IMPLEMENTATIONS = YES;
				CLANG_WARN_DIRECT_OBJC_ISA_USAGE = YES_ERROR;
				CLANG_WARN_DOCUMENTATION_COMMENTS = YES;
				CLANG_WARN_EMPTY_BODY = YES;
				CLANG_WARN_ENUM_CONVERSION = YES;
				CLANG_WARN_INFINITE_RECURSION = YES;
				CLANG_WARN_INT_CONVERSION = YES;
				CLANG_WARN_NON_LITERAL_NULL_CONVERSION = YES;
				CLANG_WARN_OBJC_IMPLICIT_RETAIN_SELF = YES;
				CLANG_WARN_OBJC_LITERAL_CONVERSION = YES;
				CLANG_WARN_OBJC_ROOT_CLASS = YES_ERROR;
				CLANG_WARN_QUOTED_INCLUDE_IN_FRAMEWORK_HEADER = YES;
				CLANG_WARN_RANGE_LOOP_ANALYSIS = YES;
				CLANG_WARN_STRICT_PROTOTYPES = YES;
				CLANG_WARN_SUSPICIOUS_MOVE = YES;
				CLANG_WARN_UNGUARDED_AVAILABILITY = YES_AGGRESSIVE;
				CLANG_WARN_UNREACHABLE_CODE = YES;
				CLANG_WARN__DUPLICATE_METHOD_MATCH = YES;
				COPY_PHASE_STRIP = NO;
				DEBUG_INFORMATION_FORMAT = "dwarf-with-dsym";
				ENABLE_NS_ASSERTIONS = NO;
				ENABLE_STRICT_OBJC_MSGSEND = YES;
				ENABLE_USER_SCRIPT_SANDBOXING = YES;
				GCC_C_LANGUAGE_STANDARD = gnu17;
				GCC_NO_COMMON_BLOCKS = YES;
				GCC_WARN_64_TO_32_BIT_CONVERSION = YES;
				GCC_WARN_ABOUT_RETURN_TYPE = YES_ERROR;
				GCC_WARN_UNDECLARED_SELECTOR = YES;
				GCC_WARN_UNINITIALIZED_AUTOS = YES_AGGRESSIVE;
				GCC_WARN_UNUSED_FUNCTION = YES;
				GCC_WARN_UNUSED_VARIABLE = YES;
				LOCALIZATION_PREFERS_STRING_CATALOGS = YES;
				MTL_ENABLE_DEBUG_INFO = NO;
				MTL_FAST_MATH = YES;
				SWIFT_COMPILATION_MODE = wholemodule;
			};
			name = Release;
		};
		0444E1A42D1D709B00FAF9D1 /* Debug */ = {
			isa = XCBuildConfiguration;
			buildSettings = {
				ASSETCATALOG_COMPILER_APPICON_NAME = AppIcon;
				ASSETCATALOG_COMPILER_GLOBAL_ACCENT_COLOR_NAME = AccentColor;
				CODE_SIGN_ENTITLEMENTS = AuraFlow/AuraFlow.entitlements;
				CODE_SIGN_STYLE = Automatic;
				CURRENT_PROJECT_VERSION = 1;
				DEVELOPMENT_ASSET_PATHS = "\"AuraFlow/Preview Content\"";
				DEVELOPMENT_TEAM = 42UB5T24AY;
				ENABLE_PREVIEWS = YES;
				GENERATE_INFOPLIST_FILE = YES;
				INFOPLIST_FILE = AuraFlow/Info.plist;
				INFOPLIST_KEY_CFBundleDisplayName = "Aura Flow";
				INFOPLIST_KEY_NSHealthShareUsageDescription = "Мы используем ваши данные о здоровье для отображения пульса.";
				INFOPLIST_KEY_NSHealthUpdateUsageDescription = "Мы используем ваши данные о здоровье для обновления информации о пульсе.";
				"INFOPLIST_KEY_UIApplicationSceneManifest_Generation[sdk=iphoneos*]" = YES;
				"INFOPLIST_KEY_UIApplicationSceneManifest_Generation[sdk=iphonesimulator*]" = YES;
				"INFOPLIST_KEY_UIApplicationSupportsIndirectInputEvents[sdk=iphoneos*]" = YES;
				"INFOPLIST_KEY_UIApplicationSupportsIndirectInputEvents[sdk=iphonesimulator*]" = YES;
				"INFOPLIST_KEY_UILaunchScreen_Generation[sdk=iphoneos*]" = YES;
				"INFOPLIST_KEY_UILaunchScreen_Generation[sdk=iphonesimulator*]" = YES;
				"INFOPLIST_KEY_UIStatusBarStyle[sdk=iphoneos*]" = UIStatusBarStyleDefault;
				"INFOPLIST_KEY_UIStatusBarStyle[sdk=iphonesimulator*]" = UIStatusBarStyleDefault;
				INFOPLIST_KEY_UISupportedInterfaceOrientations_iPad = "UIInterfaceOrientationPortrait UIInterfaceOrientationPortraitUpsideDown UIInterfaceOrientationLandscapeLeft UIInterfaceOrientationLandscapeRight";
				INFOPLIST_KEY_UISupportedInterfaceOrientations_iPhone = "UIInterfaceOrientationPortrait UIInterfaceOrientationLandscapeLeft UIInterfaceOrientationLandscapeRight";
				IPHONEOS_DEPLOYMENT_TARGET = 18.0;
				LD_RUNPATH_SEARCH_PATHS = "@executable_path/Frameworks";
				"LD_RUNPATH_SEARCH_PATHS[sdk=macosx*]" = "@executable_path/../Frameworks";
				MACOSX_DEPLOYMENT_TARGET = 15.2;
				MARKETING_VERSION = 1.0;
				PRODUCT_BUNDLE_IDENTIFIER = ilkaIlka.AuraFlow;
				PRODUCT_NAME = "$(TARGET_NAME)";
				REGISTER_APP_GROUPS = YES;
				SDKROOT = auto;
				SUPPORTED_PLATFORMS = "iphoneos iphonesimulator macosx xros xrsimulator";
				SWIFT_EMIT_LOC_STRINGS = YES;
				SWIFT_VERSION = 5.0;
				TARGETED_DEVICE_FAMILY = "1,2,7";
				XROS_DEPLOYMENT_TARGET = 2.2;
			};
			name = Debug;
		};
		0444E1A52D1D709B00FAF9D1 /* Release */ = {
			isa = XCBuildConfiguration;
			buildSettings = {
				ASSETCATALOG_COMPILER_APPICON_NAME = AppIcon;
				ASSETCATALOG_COMPILER_GLOBAL_ACCENT_COLOR_NAME = AccentColor;
				CODE_SIGN_ENTITLEMENTS = AuraFlow/AuraFlow.entitlements;
				CODE_SIGN_STYLE = Automatic;
				CURRENT_PROJECT_VERSION = 1;
				DEVELOPMENT_ASSET_PATHS = "\"AuraFlow/Preview Content\"";
				DEVELOPMENT_TEAM = 42UB5T24AY;
				ENABLE_PREVIEWS = YES;
				GENERATE_INFOPLIST_FILE = YES;
				INFOPLIST_FILE = AuraFlow/Info.plist;
				INFOPLIST_KEY_CFBundleDisplayName = "Aura Flow";
				INFOPLIST_KEY_NSHealthShareUsageDescription = "Мы используем ваши данные о здоровье для отображения пульса.";
				INFOPLIST_KEY_NSHealthUpdateUsageDescription = "Мы используем ваши данные о здоровье для обновления информации о пульсе.";
				"INFOPLIST_KEY_UIApplicationSceneManifest_Generation[sdk=iphoneos*]" = YES;
				"INFOPLIST_KEY_UIApplicationSceneManifest_Generation[sdk=iphonesimulator*]" = YES;
				"INFOPLIST_KEY_UIApplicationSupportsIndirectInputEvents[sdk=iphoneos*]" = YES;
				"INFOPLIST_KEY_UIApplicationSupportsIndirectInputEvents[sdk=iphonesimulator*]" = YES;
				"INFOPLIST_KEY_UILaunchScreen_Generation[sdk=iphoneos*]" = YES;
				"INFOPLIST_KEY_UILaunchScreen_Generation[sdk=iphonesimulator*]" = YES;
				"INFOPLIST_KEY_UIStatusBarStyle[sdk=iphoneos*]" = UIStatusBarStyleDefault;
				"INFOPLIST_KEY_UIStatusBarStyle[sdk=iphonesimulator*]" = UIStatusBarStyleDefault;
				INFOPLIST_KEY_UISupportedInterfaceOrientations_iPad = "UIInterfaceOrientationPortrait UIInterfaceOrientationPortraitUpsideDown UIInterfaceOrientationLandscapeLeft UIInterfaceOrientationLandscapeRight";
				INFOPLIST_KEY_UISupportedInterfaceOrientations_iPhone = "UIInterfaceOrientationPortrait UIInterfaceOrientationLandscapeLeft UIInterfaceOrientationLandscapeRight";
				IPHONEOS_DEPLOYMENT_TARGET = 18.0;
				LD_RUNPATH_SEARCH_PATHS = "@executable_path/Frameworks";
				"LD_RUNPATH_SEARCH_PATHS[sdk=macosx*]" = "@executable_path/../Frameworks";
				MACOSX_DEPLOYMENT_TARGET = 15.2;
				MARKETING_VERSION = 1.0;
				PRODUCT_BUNDLE_IDENTIFIER = ilkaIlka.AuraFlow;
				PRODUCT_NAME = "$(TARGET_NAME)";
				REGISTER_APP_GROUPS = YES;
				SDKROOT = auto;
				SUPPORTED_PLATFORMS = "iphoneos iphonesimulator macosx xros xrsimulator";
				SWIFT_EMIT_LOC_STRINGS = YES;
				SWIFT_VERSION = 5.0;
				TARGETED_DEVICE_FAMILY = "1,2,7";
				XROS_DEPLOYMENT_TARGET = 2.2;
			};
			name = Release;
		};
		0476780F2DBB84FF00BA307D /* Debug */ = {
			isa = XCBuildConfiguration;
			buildSettings = {
				BUNDLE_LOADER = "$(TEST_HOST)";
				CODE_SIGN_STYLE = Automatic;
				CURRENT_PROJECT_VERSION = 1;
				DEVELOPMENT_TEAM = 42UB5T24AY;
				GENERATE_INFOPLIST_FILE = YES;
				IPHONEOS_DEPLOYMENT_TARGET = 18.0;
				MACOSX_DEPLOYMENT_TARGET = 15.4;
				MARKETING_VERSION = 1.0;
				PRODUCT_BUNDLE_IDENTIFIER = ilkaIlka.AuraFlowTests;
				PRODUCT_NAME = "$(TARGET_NAME)";
				SDKROOT = auto;
				SUPPORTED_PLATFORMS = "iphoneos iphonesimulator macosx xros xrsimulator";
				SWIFT_EMIT_LOC_STRINGS = NO;
				SWIFT_VERSION = 5.0;
				TARGETED_DEVICE_FAMILY = "1,2,7";
				TEST_HOST = "$(BUILT_PRODUCTS_DIR)/AuraFlow.app/$(BUNDLE_EXECUTABLE_FOLDER_PATH)/AuraFlow";
				XROS_DEPLOYMENT_TARGET = 2.4;
			};
			name = Debug;
		};
		047678102DBB84FF00BA307D /* Release */ = {
			isa = XCBuildConfiguration;
			buildSettings = {
				BUNDLE_LOADER = "$(TEST_HOST)";
				CODE_SIGN_STYLE = Automatic;
				CURRENT_PROJECT_VERSION = 1;
				DEVELOPMENT_TEAM = 42UB5T24AY;
				GENERATE_INFOPLIST_FILE = YES;
				IPHONEOS_DEPLOYMENT_TARGET = 18.0;
				MACOSX_DEPLOYMENT_TARGET = 15.4;
				MARKETING_VERSION = 1.0;
				PRODUCT_BUNDLE_IDENTIFIER = ilkaIlka.AuraFlowTests;
				PRODUCT_NAME = "$(TARGET_NAME)";
				SDKROOT = auto;
				SUPPORTED_PLATFORMS = "iphoneos iphonesimulator macosx xros xrsimulator";
				SWIFT_EMIT_LOC_STRINGS = NO;
				SWIFT_VERSION = 5.0;
				TARGETED_DEVICE_FAMILY = "1,2,7";
				TEST_HOST = "$(BUILT_PRODUCTS_DIR)/AuraFlow.app/$(BUNDLE_EXECUTABLE_FOLDER_PATH)/AuraFlow";
				XROS_DEPLOYMENT_TARGET = 2.4;
			};
			name = Release;
		};
/* End XCBuildConfiguration section */

/* Begin XCConfigurationList section */
		041BEF242D3D803600DFBB26 /* Build configuration list for PBXNativeTarget "AuraFlowWatch Watch App" */ = {
			isa = XCConfigurationList;
			buildConfigurations = (
				041BEF252D3D803600DFBB26 /* Debug */,
				041BEF262D3D803600DFBB26 /* Release */,
			);
			defaultConfigurationIsVisible = 0;
			defaultConfigurationName = Release;
		};
		0436F45B2DB8F39900EDEE17 /* Build configuration list for PBXNativeTarget "OneSignalNotificationServiceExtension" */ = {
			isa = XCConfigurationList;
			buildConfigurations = (
				0436F45C2DB8F39900EDEE17 /* Debug */,
				0436F45D2DB8F39900EDEE17 /* Release */,
			);
			defaultConfigurationIsVisible = 0;
			defaultConfigurationName = Release;
		};
		0444E18A2D1D709A00FAF9D1 /* Build configuration list for PBXProject "AuraFlow" */ = {
			isa = XCConfigurationList;
			buildConfigurations = (
				0444E1A12D1D709B00FAF9D1 /* Debug */,
				0444E1A22D1D709B00FAF9D1 /* Release */,
			);
			defaultConfigurationIsVisible = 0;
			defaultConfigurationName = Release;
		};
		0444E1A32D1D709B00FAF9D1 /* Build configuration list for PBXNativeTarget "AuraFlow" */ = {
			isa = XCConfigurationList;
			buildConfigurations = (
				0444E1A42D1D709B00FAF9D1 /* Debug */,
				0444E1A52D1D709B00FAF9D1 /* Release */,
			);
			defaultConfigurationIsVisible = 0;
			defaultConfigurationName = Release;
		};
		0476780E2DBB84FF00BA307D /* Build configuration list for PBXNativeTarget "AuraFlowTests" */ = {
			isa = XCConfigurationList;
			buildConfigurations = (
				0476780F2DBB84FF00BA307D /* Debug */,
				047678102DBB84FF00BA307D /* Release */,
			);
			defaultConfigurationIsVisible = 0;
			defaultConfigurationName = Release;
		};
/* End XCConfigurationList section */

/* Begin XCRemoteSwiftPackageReference section */
		0406D0842DB8F67600A0DD50 /* XCRemoteSwiftPackageReference "OneSignal-iOS-SDK" */ = {
			isa = XCRemoteSwiftPackageReference;
			repositoryURL = "https://github.com/OneSignal/OneSignal-iOS-SDK";
			requirement = {
				kind = upToNextMajorVersion;
				minimumVersion = 5.2.10;
			};
		};
		0444E47F2D1D75D000FAF9D1 /* XCRemoteSwiftPackageReference "FLEX" */ = {
			isa = XCRemoteSwiftPackageReference;
			repositoryURL = "https://github.com/FLEXTool/FLEX.git";
			requirement = {
				kind = upToNextMajorVersion;
				minimumVersion = 5.22.10;
			};
		};
/* End XCRemoteSwiftPackageReference section */

/* Begin XCSwiftPackageProductDependency section */
		0406D0852DB8F67600A0DD50 /* OneSignalExtension */ = {
			isa = XCSwiftPackageProductDependency;
			package = 0406D0842DB8F67600A0DD50 /* XCRemoteSwiftPackageReference "OneSignal-iOS-SDK" */;
			productName = OneSignalExtension;
		};
		0406D0872DB8F67600A0DD50 /* OneSignalFramework */ = {
			isa = XCSwiftPackageProductDependency;
			package = 0406D0842DB8F67600A0DD50 /* XCRemoteSwiftPackageReference "OneSignal-iOS-SDK" */;
			productName = OneSignalFramework;
		};
		0406D0892DB8F67600A0DD50 /* OneSignalInAppMessages */ = {
			isa = XCSwiftPackageProductDependency;
			package = 0406D0842DB8F67600A0DD50 /* XCRemoteSwiftPackageReference "OneSignal-iOS-SDK" */;
			productName = OneSignalInAppMessages;
		};
		0444E4802D1D75D000FAF9D1 /* FLEX */ = {
			isa = XCSwiftPackageProductDependency;
			package = 0444E47F2D1D75D000FAF9D1 /* XCRemoteSwiftPackageReference "FLEX" */;
			productName = FLEX;
		};
/* End XCSwiftPackageProductDependency section */
	};
	rootObject = 0444E1872D1D709A00FAF9D1 /* Project object */;
}
